// !$*UTF8*$!
{
	archiveVersion = 1;
	classes = {
	};
	objectVersion = 90;
	objects = {

/* Begin PBXBuildFile section */
		DC9912723071E25300DF8C76 /* WidgetKit.framework in Frameworks */ = {isa = PBXBuildFile; fileRef = DC9912713071E25300DF8C76 /* WidgetKit.framework */; };
		DC9912743071E25300DF8C76 /* SwiftUI.framework in Frameworks */ = {isa = PBXBuildFile; fileRef = DC9912733071E25300DF8C76 /* SwiftUI.framework */; };
		DC99127F3071E25400DF8C76 /* SnapperWidget.appex in Embed Foundation Extensions */ = {isa = PBXBuildFile; fileRef = DC99126F3071E25300DF8C76 /* SnapperWidget.appex */; settings = {ATTRIBUTES = (RemoveHeadersOnCopy, ); }; };
/* End PBXBuildFile section */

/* Begin PBXContainerItemProxy section */
		DC99127D3071E25400DF8C76 /* PBXContainerItemProxy */ = {
			isa = PBXContainerItemProxy;
			containerPortal = 000000000000000000000000 /* Project object */;
			proxyType = 1;
			remoteGlobalIDString = DC99126E3071E25300DF8C76;
			remoteInfo = SnapperWidgetExtension;
		};
		DCD4E1FA3074CC7B0020A7D8 /* PBXContainerItemProxy */ = {
			isa = PBXContainerItemProxy;
			containerPortal = 000000000000000000000000 /* Project object */;
			proxyType = 1;
			remoteGlobalIDString = 000000000000000100000000;
			remoteInfo = Snapper;
		};
		DCD4E2073074CCB60020A7D8 /* PBXContainerItemProxy */ = {
			isa = PBXContainerItemProxy;
			containerPortal = 000000000000000000000000 /* Project object */;
			proxyType = 1;
			remoteGlobalIDString = 000000000000000100000000;
			remoteInfo = Snapper;
		};
/* End PBXContainerItemProxy section */

/* Begin PBXCopyFilesBuildPhase section */
		DC9912843071E25400DF8C76 /* Embed Foundation Extensions */ = {
			isa = PBXCopyFilesBuildPhase;
			dstPath = "";
			dstSubfolder = PlugIns;
			files = (
				DC99127F3071E25400DF8C76 /* SnapperWidget.appex in Embed Foundation Extensions */,
			);
			name = "Embed Foundation Extensions";
		};
/* End PBXCopyFilesBuildPhase section */

/* Begin PBXFileReference section */
		000000000000000000000120 /* Snapper.app */ = {isa = PBXFileReference; explicitFileType = wrapper.application; includeInIndex = 0; path = Snapper.app; sourceTree = BUILT_PRODUCTS_DIR; };
		DC1AAEDE3061EC9400A60E39 /* Makefile */ = {isa = PBXFileReference; lastKnownFileType = sourcecode.make; path = Makefile; sourceTree = "<group>"; };
		DC1AAEDF3061ECAB00A60E39 /* .editorconfig */ = {isa = PBXFileReference; lastKnownFileType = text; path = .editorconfig; sourceTree = "<group>"; };
		DC1AAEE03061ECAB00A60E39 /* .swift-format */ = {isa = PBXFileReference; lastKnownFileType = text; path = ".swift-format"; sourceTree = "<group>"; };
		DC1AAEE13061ED0400A60E39 /* Settings.xcconfig */ = {isa = PBXFileReference; lastKnownFileType = text.xcconfig; path = Settings.xcconfig; sourceTree = "<group>"; };
		DC99126F3071E25300DF8C76 /* SnapperWidget.appex */ = {isa = PBXFileReference; explicitFileType = "wrapper.app-extension"; includeInIndex = 0; path = SnapperWidget.appex; sourceTree = BUILT_PRODUCTS_DIR; };
		DC9912713071E25300DF8C76 /* WidgetKit.framework */ = {isa = PBXFileReference; lastKnownFileType = wrapper.framework; name = WidgetKit.framework; path = System/Library/Frameworks/WidgetKit.framework; sourceTree = SDKROOT; };
		DC9912733071E25300DF8C76 /* SwiftUI.framework */ = {isa = PBXFileReference; lastKnownFileType = wrapper.framework; name = SwiftUI.framework; path = System/Library/Frameworks/SwiftUI.framework; sourceTree = SDKROOT; };
		DCD4E1F63074CC7B0020A7D8 /* SnapperTests.xctest */ = {isa = PBXFileReference; explicitFileType = wrapper.cfbundle; includeInIndex = 0; path = SnapperTests.xctest; sourceTree = BUILT_PRODUCTS_DIR; };
		DCD4E2033074CCB60020A7D8 /* SnapperUITests.xctest */ = {isa = PBXFileReference; explicitFileType = wrapper.cfbundle; includeInIndex = 0; path = SnapperUITests.xctest; sourceTree = BUILT_PRODUCTS_DIR; };
/* End PBXFileReference section */

/* Begin PBXFileSystemSynchronizedBuildFileExceptionSet section */
		DC41AA7B3061F4B600969BBD /* Exceptions for "Snapper" folder in "Snapper" target */ = {
			isa = PBXFileSystemSynchronizedBuildFileExceptionSet;
			membershipExceptions = (
				Info.plist,
			);
			target = 000000000000000100000000 /* Snapper */;
		};
		DC9912803071E25400DF8C76 /* Exceptions for "SnapperWidget" folder in "SnapperWidget" target */ = {
			isa = PBXFileSystemSynchronizedBuildFileExceptionSet;
			membershipExceptions = (
				Info.plist,
			);
			target = DC99126E3071E25300DF8C76 /* SnapperWidget */;
		};
		DCD4E16C3074BFEC0020A7D8 /* Exceptions for "Snapper" folder in "SnapperWidget" target */ = {
			isa = PBXFileSystemSynchronizedBuildFileExceptionSet;
			membershipExceptions = (
				Features/AlbumDetail/AlbumEntry.swift,
				Features/AlbumHistory/SharedAlbumStore.swift,
				Features/AlbumSearch/AlbumCandidate.swift,
				"Resources/Fonts/basteleur/Basteleur-Bold.ttf",
				"Resources/Fonts/basteleur/Basteleur-Moonlight.ttf",
				"Resources/Fonts/libre-caslon-text/LibreCaslonText-Bold.ttf",
				"Resources/Fonts/libre-caslon-text/LibreCaslonText-Italic.ttf",
				"Resources/Fonts/libre-caslon-text/LibreCaslonText-Regular.ttf",
				"Resources/Fonts/sligoil/Sligoil-Micro.ttf",
				"Resources/Fonts/sligoil/Sligoil-MicroBold.ttf",
				"Resources/Fonts/sligoil/Sligoil-MicroMedium.ttf",
				"Resources/Fonts/vg5000/VG5000-Regular.otf",
				UI/Theme/Fonts.swift,
			);
			target = DC99126E3071E25300DF8C76 /* SnapperWidget */;
		};
/* End PBXFileSystemSynchronizedBuildFileExceptionSet section */

/* Begin PBXFileSystemSynchronizedRootGroup section */
		000000000000000000000010 /* Snapper */ = {
			isa = PBXFileSystemSynchronizedRootGroup;
			exceptions = (
				DC41AA7B3061F4B600969BBD /* Exceptions for "Snapper" folder in "Snapper" target */,
				DCD4E16C3074BFEC0020A7D8 /* Exceptions for "Snapper" folder in "SnapperWidget" target */,
			);
			path = Snapper;
			sourceTree = "<group>";
		};
		DC9912753071E25300DF8C76 /* SnapperWidget */ = {
			isa = PBXFileSystemSynchronizedRootGroup;
			exceptions = (
				DC9912803071E25400DF8C76 /* Exceptions for "SnapperWidget" folder in "SnapperWidget" target */,
			);
			path = SnapperWidget;
			sourceTree = "<group>";
		};
		DCD4E1F73074CC7B0020A7D8 /* SnapperTests */ = {
			isa = PBXFileSystemSynchronizedRootGroup;
			path = SnapperTests;
			sourceTree = "<group>";
		};
		DCD4E2043074CCB60020A7D8 /* SnapperUITests */ = {
			isa = PBXFileSystemSynchronizedRootGroup;
			path = SnapperUITests;
			sourceTree = "<group>";
		};
/* End PBXFileSystemSynchronizedRootGroup section */

/* Begin PBXFrameworksBuildPhase section */
		000000000000000130000000 /* Frameworks */ = {
			isa = PBXFrameworksBuildPhase;
			files = (
			);
		};
		DC99126C3071E25300DF8C76 /* Frameworks */ = {
			isa = PBXFrameworksBuildPhase;
			files = (
				DC9912743071E25300DF8C76 /* SwiftUI.framework in Frameworks */,
				DC9912723071E25300DF8C76 /* WidgetKit.framework in Frameworks */,
			);
		};
		DCD4E1F33074CC7B0020A7D8 /* Frameworks */ = {
			isa = PBXFrameworksBuildPhase;
			files = (
			);
		};
		DCD4E2003074CCB60020A7D8 /* Frameworks */ = {
			isa = PBXFrameworksBuildPhase;
			files = (
			);
		};
/* End PBXFrameworksBuildPhase section */

/* Begin PBXGroup section */
		000000000000000000000001 = {
			isa = PBXGroup;
			children = (
				DC1AAEDF3061ECAB00A60E39 /* .editorconfig */,
				DC1AAEE03061ECAB00A60E39 /* .swift-format */,
				DC1AAEDE3061EC9400A60E39 /* Makefile */,
				DC1AAF1C3061EE3F00A60E39 /* Configuration */,
				DC9912703071E25300DF8C76 /* Frameworks */,
				000000000000000000000020 /* Products */,
				000000000000000000000010 /* Snapper */,
				DCD4E1F73074CC7B0020A7D8 /* SnapperTests */,
				DCD4E2043074CCB60020A7D8 /* SnapperUITests */,
				DC9912753071E25300DF8C76 /* SnapperWidget */,
			);
			sourceTree = "<group>";
		};
		000000000000000000000020 /* Products */ = {
			isa = PBXGroup;
			children = (
				000000000000000000000120 /* Snapper.app */,
				DC99126F3071E25300DF8C76 /* SnapperWidget.appex */,
				DCD4E1F63074CC7B0020A7D8 /* SnapperTests.xctest */,
				DCD4E2033074CCB60020A7D8 /* SnapperUITests.xctest */,
			);
			name = Products;
			sourceTree = "<group>";
		};
		DC1AAF1C3061EE3F00A60E39 /* Configuration */ = {
			isa = PBXGroup;
			children = (
				DC1AAEE13061ED0400A60E39 /* Settings.xcconfig */,
			);
			path = Configuration;
			sourceTree = "<group>";
		};
		DC9912703071E25300DF8C76 /* Frameworks */ = {
			isa = PBXGroup;
			children = (
				DC9912713071E25300DF8C76 /* WidgetKit.framework */,
				DC9912733071E25300DF8C76 /* SwiftUI.framework */,
			);
			name = Frameworks;
			sourceTree = "<group>";
		};
/* End PBXGroup section */

/* Begin PBXNativeTarget section */
		000000000000000100000000 /* Snapper */ = {
			isa = PBXNativeTarget;
			buildConfigurationList = 000000000000000110000000 /* Build configuration list for PBXNativeTarget "Snapper" */;
			buildPhases = (
				000000000000000120000000 /* Sources */,
				000000000000000130000000 /* Frameworks */,
				000000000000000140000000 /* Resources */,
				DC9912843071E25400DF8C76 /* Embed Foundation Extensions */,
			);
			buildRules = (
			);
			dependencies = (
				DC99127E3071E25400DF8C76 /* PBXTargetDependency */,
			);
			fileSystemSynchronizedGroups = (
				000000000000000000000010 /* Snapper */,
			);
			name = Snapper;
			productName = MyApp;
			productReference = 000000000000000000000120 /* Snapper.app */;
			productType = "com.apple.product-type.application";
		};
		DC99126E3071E25300DF8C76 /* SnapperWidget */ = {
			isa = PBXNativeTarget;
			buildConfigurationList = DC9912813071E25400DF8C76 /* Build configuration list for PBXNativeTarget "SnapperWidget" */;
			buildPhases = (
				DC99126B3071E25300DF8C76 /* Sources */,
				DC99126C3071E25300DF8C76 /* Frameworks */,
				DC99126D3071E25300DF8C76 /* Resources */,
			);
			buildRules = (
			);
			fileSystemSynchronizedGroups = (
				DC9912753071E25300DF8C76 /* SnapperWidget */,
			);
			name = SnapperWidget;
			productName = SnapperWidgetExtension;
			productReference = DC99126F3071E25300DF8C76 /* SnapperWidget.appex */;
			productType = "com.apple.product-type.app-extension";
		};
		DCD4E1F53074CC7B0020A7D8 /* SnapperTests */ = {
			isa = PBXNativeTarget;
			buildConfigurationList = DCD4E1FC3074CC7B0020A7D8 /* Build configuration list for PBXNativeTarget "SnapperTests" */;
			buildPhases = (
				DCD4E1F23074CC7B0020A7D8 /* Sources */,
				DCD4E1F33074CC7B0020A7D8 /* Frameworks */,
				DCD4E1F43074CC7B0020A7D8 /* Resources */,
			);
			buildRules = (
			);
			dependencies = (
				DCD4E1FB3074CC7B0020A7D8 /* PBXTargetDependency */,
			);
			fileSystemSynchronizedGroups = (
				DCD4E1F73074CC7B0020A7D8 /* SnapperTests */,
			);
			name = SnapperTests;
			productName = SnapperTests;
			productReference = DCD4E1F63074CC7B0020A7D8 /* SnapperTests.xctest */;
			productType = "com.apple.product-type.bundle.unit-test";
		};
		DCD4E2023074CCB60020A7D8 /* SnapperUITests */ = {
			isa = PBXNativeTarget;
			buildConfigurationList = DCD4E2093074CCB60020A7D8 /* Build configuration list for PBXNativeTarget "SnapperUITests" */;
			buildPhases = (
				DCD4E1FF3074CCB60020A7D8 /* Sources */,
				DCD4E2003074CCB60020A7D8 /* Frameworks */,
				DCD4E2013074CCB60020A7D8 /* Resources */,
			);
			buildRules = (
			);
			dependencies = (
				DCD4E2083074CCB60020A7D8 /* PBXTargetDependency */,
			);
			fileSystemSynchronizedGroups = (
				DCD4E2043074CCB60020A7D8 /* SnapperUITests */,
			);
			name = SnapperUITests;
			productName = SnapperUITests;
			productReference = DCD4E2033074CCB60020A7D8 /* SnapperUITests.xctest */;
			productType = "com.apple.product-type.bundle.ui-testing";
		};
/* End PBXNativeTarget section */

/* Begin PBXProject section */
		000000000000000000000000 /* Project object */ = {
			isa = PBXProject;
			attributes = {
				BuildIndependentTargetsInParallel = 1;
				LastSwiftUpdateCheck = 2700;
				LastUpgradeCheck = 2700;
				TargetAttributes = {
					000000000000000100000000 = {
						CreatedOnToolsVersion = 26.3;
					};
					DC99126E3071E25300DF8C76 = {
						CreatedOnToolsVersion = 27.0;
					};
					DCD4E1F53074CC7B0020A7D8 = {
						CreatedOnToolsVersion = 27.0;
						TestTargetID = 000000000000000100000000;
					};
					DCD4E2023074CCB60020A7D8 = {
						CreatedOnToolsVersion = 27.0;
						TestTargetID = 000000000000000100000000;
					};
				};
			};
			buildConfigurationList = 000000000000000010000000 /* Build configuration list for PBXProject "Snapper" */;
			developmentRegion = en;
			hasScannedForEncodings = 0;
			knownRegions = (
				en,
				Base,
			);
			mainGroup = 000000000000000000000001;
			minimizedProjectReferenceProxies = 1;
			preferredProjectObjectVersion = 90;
			productRefGroup = 000000000000000000000020 /* Products */;
			projectDirPath = "";
			projectRoot = "";
			targets = (
				000000000000000100000000 /* Snapper */,
				DCD4E1F53074CC7B0020A7D8 /* SnapperTests */,
				DCD4E2023074CCB60020A7D8 /* SnapperUITests */,
				DC99126E3071E25300DF8C76 /* SnapperWidget */,
			);
		};
/* End PBXProject section */

/* Begin PBXResourcesBuildPhase section */
		000000000000000140000000 /* Resources */ = {
			isa = PBXResourcesBuildPhase;
			files = (
			);
		};
		DC99126D3071E25300DF8C76 /* Resources */ = {
			isa = PBXResourcesBuildPhase;
			files = (
			);
		};
		DCD4E1F43074CC7B0020A7D8 /* Resources */ = {
			isa = PBXResourcesBuildPhase;
			files = (
			);
		};
		DCD4E2013074CCB60020A7D8 /* Resources */ = {
			isa = PBXResourcesBuildPhase;
			files = (
			);
		};
/* End PBXResourcesBuildPhase section */

/* Begin PBXSourcesBuildPhase section */
		000000000000000120000000 /* Sources */ = {
			isa = PBXSourcesBuildPhase;
			files = (
			);
		};
		DC99126B3071E25300DF8C76 /* Sources */ = {
			isa = PBXSourcesBuildPhase;
			files = (
			);
		};
		DCD4E1F23074CC7B0020A7D8 /* Sources */ = {
			isa = PBXSourcesBuildPhase;
			files = (
			);
		};
		DCD4E1FF3074CCB60020A7D8 /* Sources */ = {
			isa = PBXSourcesBuildPhase;
			files = (
			);
		};
/* End PBXSourcesBuildPhase section */

/* Begin PBXTargetDependency section */
		DC99127E3071E25400DF8C76 /* PBXTargetDependency */ = {
			isa = PBXTargetDependency;
			target = DC99126E3071E25300DF8C76 /* SnapperWidget */;
			targetProxy = DC99127D3071E25400DF8C76 /* PBXContainerItemProxy */;
		};
		DCD4E1FB3074CC7B0020A7D8 /* PBXTargetDependency */ = {
			isa = PBXTargetDependency;
			target = 000000000000000100000000 /* Snapper */;
			targetProxy = DCD4E1FA3074CC7B0020A7D8 /* PBXContainerItemProxy */;
		};
		DCD4E2083074CCB60020A7D8 /* PBXTargetDependency */ = {
			isa = PBXTargetDependency;
			target = 000000000000000100000000 /* Snapper */;
			targetProxy = DCD4E2073074CCB60020A7D8 /* PBXContainerItemProxy */;
		};
/* End PBXTargetDependency section */

/* Begin XCBuildConfiguration section */
		000000000000000011000000 /* Debug configuration for PBXProject "Snapper" */ = {
			isa = XCBuildConfiguration;
			baseConfigurationReference = DC1AAEE13061ED0400A60E39 /* Settings.xcconfig */;
			buildSettings = {
				ALWAYS_SEARCH_USER_PATHS = NO;
				ASSETCATALOG_COMPILER_GENERATE_SWIFT_ASSET_SYMBOL_EXTENSIONS = YES;
				CLANG_ANALYZER_NONNULL = YES;
				CLANG_ANALYZER_NUMBER_OBJECT_CONVERSION = YES_AGGRESSIVE;
				CLANG_CXX_LANGUAGE_STANDARD = "gnu++20";
				CLANG_ENABLE_MODULES = YES;
				CLANG_ENABLE_OBJC_ARC = YES;
				CLANG_ENABLE_OBJC_WEAK = YES;
				CLANG_WARN_BLOCK_CAPTURE_AUTORELEASING = YES;
				CLANG_WARN_BOOL_CONVERSION = YES;
				CLANG_WARN_COMMA = YES;
				CLANG_WARN_CONSTANT_CONVERSION = YES;
				CLANG_WARN_DEPRECATED_OBJC_IMPLEMENTATIONS = YES;
				CLANG_WARN_DIRECT_OBJC_ISA_USAGE = YES_ERROR;
				CLANG_WARN_DOCUMENTATION_COMMENTS = YES;
				CLANG_WARN_EMPTY_BODY = YES;
				CLANG_WARN_ENUM_CONVERSION = YES;
				CLANG_WARN_INFINITE_RECURSION = YES;
				CLANG_WARN_INT_CONVERSION = YES;
				CLANG_WARN_NON_LITERAL_NULL_CONVERSION = YES;
				CLANG_WARN_OBJC_IMPLICIT_RETAIN_SELF = YES;
				CLANG_WARN_OBJC_LITERAL_CONVERSION = YES;
				CLANG_WARN_OBJC_ROOT_CLASS = YES_ERROR;
				CLANG_WARN_QUOTED_INCLUDE_IN_FRAMEWORK_HEADER = YES;
				CLANG_WARN_RANGE_LOOP_ANALYSIS = YES;
				CLANG_WARN_STRICT_PROTOTYPES = YES;
				CLANG_WARN_SUSPICIOUS_MOVE = YES;
				CLANG_WARN_UNGUARDED_AVAILABILITY = YES_AGGRESSIVE;
				CLANG_WARN_UNREACHABLE_CODE = YES;
				CLANG_WARN__DUPLICATE_METHOD_MATCH = YES;
				COPY_PHASE_STRIP = NO;
				DEAD_CODE_STRIPPING = YES;
				DEBUG_INFORMATION_FORMAT = dwarf;
				DRIVERKIT_DEPLOYMENT_TARGET = 27.0;
				ENABLE_STRICT_OBJC_MSGSEND = YES;
				ENABLE_TESTABILITY = YES;
				ENABLE_USER_SCRIPT_SANDBOXING = YES;
				GCC_C_LANGUAGE_STANDARD = gnu17;
				GCC_DYNAMIC_NO_PIC = NO;
				GCC_NO_COMMON_BLOCKS = YES;
				GCC_OPTIMIZATION_LEVEL = 0;
				GCC_PREPROCESSOR_DEFINITIONS = (
					"DEBUG=1",
					"$(inherited)",
				);
				GCC_WARN_64_TO_32_BIT_CONVERSION = YES;
				GCC_WARN_ABOUT_RETURN_TYPE = YES_ERROR;
				GCC_WARN_UNDECLARED_SELECTOR = YES;
				GCC_WARN_UNINITIALIZED_AUTOS = YES_AGGRESSIVE;
				GCC_WARN_UNUSED_FUNCTION = YES;
				GCC_WARN_UNUSED_VARIABLE = YES;
				IPHONEOS_DEPLOYMENT_TARGET = 27.0;
				LOCALIZATION_PREFERS_STRING_CATALOGS = YES;
				MACOSX_DEPLOYMENT_TARGET = 27.0;
				MTL_ENABLE_DEBUG_INFO = INCLUDE_SOURCE;
				MTL_FAST_MATH = YES;
				ONLY_ACTIVE_ARCH = YES;
				PROJECT_UNIQUE_VALUE = TUHW5FCR;
				STRING_CATALOG_GENERATE_SYMBOLS = YES;
				SWIFT_ACTIVE_COMPILATION_CONDITIONS = "DEBUG $(inherited)";
				SWIFT_OPTIMIZATION_LEVEL = "-Onone";
				TVOS_DEPLOYMENT_TARGET = 27.0;
				WATCHOS_DEPLOYMENT_TARGET = 27.0;
				XROS_DEPLOYMENT_TARGET = 27.0;
			};
			name = Debug;
		};
		000000000000000012000000 /* Release configuration for PBXProject "Snapper" */ = {
			isa = XCBuildConfiguration;
			baseConfigurationReference = DC1AAEE13061ED0400A60E39 /* Settings.xcconfig */;
			buildSettings = {
				ALWAYS_SEARCH_USER_PATHS = NO;
				ASSETCATALOG_COMPILER_GENERATE_SWIFT_ASSET_SYMBOL_EXTENSIONS = YES;
				CLANG_ANALYZER_NONNULL = YES;
				CLANG_ANALYZER_NUMBER_OBJECT_CONVERSION = YES_AGGRESSIVE;
				CLANG_CXX_LANGUAGE_STANDARD = "gnu++20";
				CLANG_ENABLE_MODULES = YES;
				CLANG_ENABLE_OBJC_ARC = YES;
				CLANG_ENABLE_OBJC_WEAK = YES;
				CLANG_WARN_BLOCK_CAPTURE_AUTORELEASING = YES;
				CLANG_WARN_BOOL_CONVERSION = YES;
				CLANG_WARN_COMMA = YES;
				CLANG_WARN_CONSTANT_CONVERSION = YES;
				CLANG_WARN_DEPRECATED_OBJC_IMPLEMENTATIONS = YES;
				CLANG_WARN_DIRECT_OBJC_ISA_USAGE = YES_ERROR;
				CLANG_WARN_DOCUMENTATION_COMMENTS = YES;
				CLANG_WARN_EMPTY_BODY = YES;
				CLANG_WARN_ENUM_CONVERSION = YES;
				CLANG_WARN_INFINITE_RECURSION = YES;
				CLANG_WARN_INT_CONVERSION = YES;
				CLANG_WARN_NON_LITERAL_NULL_CONVERSION = YES;
				CLANG_WARN_OBJC_IMPLICIT_RETAIN_SELF = YES;
				CLANG_WARN_OBJC_LITERAL_CONVERSION = YES;
				CLANG_WARN_OBJC_ROOT_CLASS = YES_ERROR;
				CLANG_WARN_QUOTED_INCLUDE_IN_FRAMEWORK_HEADER = YES;
				CLANG_WARN_RANGE_LOOP_ANALYSIS = YES;
				CLANG_WARN_STRICT_PROTOTYPES = YES;
				CLANG_WARN_SUSPICIOUS_MOVE = YES;
				CLANG_WARN_UNGUARDED_AVAILABILITY = YES_AGGRESSIVE;
				CLANG_WARN_UNREACHABLE_CODE = YES;
				CLANG_WARN__DUPLICATE_METHOD_MATCH = YES;
				COPY_PHASE_STRIP = NO;
				DEAD_CODE_STRIPPING = YES;
				DEBUG_INFORMATION_FORMAT = "dwarf-with-dsym";
				DRIVERKIT_DEPLOYMENT_TARGET = 27.0;
				ENABLE_NS_ASSERTIONS = NO;
				ENABLE_STRICT_OBJC_MSGSEND = YES;
				ENABLE_USER_SCRIPT_SANDBOXING = YES;
				GCC_C_LANGUAGE_STANDARD = gnu17;
				GCC_NO_COMMON_BLOCKS = YES;
				GCC_WARN_64_TO_32_BIT_CONVERSION = YES;
				GCC_WARN_ABOUT_RETURN_TYPE = YES_ERROR;
				GCC_WARN_UNDECLARED_SELECTOR = YES;
				GCC_WARN_UNINITIALIZED_AUTOS = YES_AGGRESSIVE;
				GCC_WARN_UNUSED_FUNCTION = YES;
				GCC_WARN_UNUSED_VARIABLE = YES;
				IPHONEOS_DEPLOYMENT_TARGET = 27.0;
				LOCALIZATION_PREFERS_STRING_CATALOGS = YES;
				MACOSX_DEPLOYMENT_TARGET = 27.0;
				MTL_ENABLE_DEBUG_INFO = NO;
				MTL_FAST_MATH = YES;
				PROJECT_UNIQUE_VALUE = TUHW5FCR;
				STRING_CATALOG_GENERATE_SYMBOLS = YES;
				SWIFT_COMPILATION_MODE = wholemodule;
				TVOS_DEPLOYMENT_TARGET = 27.0;
				WATCHOS_DEPLOYMENT_TARGET = 27.0;
				XROS_DEPLOYMENT_TARGET = 27.0;
			};
			name = Release;
		};
		000000000000000111000000 /* Debug configuration for PBXNativeTarget "Snapper" */ = {
			isa = XCBuildConfiguration;
			buildSettings = {
				ASSETCATALOG_COMPILER_APPICON_NAME = AppIcon;
				ASSETCATALOG_COMPILER_GLOBAL_ACCENT_COLOR_NAME = AccentColor;
				CODE_SIGN_ENTITLEMENTS = Snapper/Snapper.entitlements;
				CODE_SIGN_STYLE = Automatic;
				CURRENT_PROJECT_VERSION = 1;
				DEVELOPMENT_TEAM = E76XSQA67L;
				ENABLE_APP_SANDBOX = YES;
				ENABLE_PREVIEWS = YES;
				ENABLE_USER_SELECTED_FILES = readonly;
				GENERATE_INFOPLIST_FILE = NO;
				INFOPLIST_FILE = Snapper/Info.plist;
				INFOPLIST_KEY_CFBundleDisplayName = MusicSnap;
				INFOPLIST_KEY_LSApplicationCategoryType = "public.app-category.music";
				"INFOPLIST_KEY_UIApplicationSceneManifest_Generation[sdk=iphoneos*]" = YES;
				"INFOPLIST_KEY_UIApplicationSceneManifest_Generation[sdk=iphonesimulator*]" = YES;
				"INFOPLIST_KEY_UIApplicationSupportsIndirectInputEvents[sdk=iphoneos*]" = YES;
				"INFOPLIST_KEY_UIApplicationSupportsIndirectInputEvents[sdk=iphonesimulator*]" = YES;
				"INFOPLIST_KEY_UILaunchScreen_Generation[sdk=iphoneos*]" = YES;
				"INFOPLIST_KEY_UILaunchScreen_Generation[sdk=iphonesimulator*]" = YES;
				"INFOPLIST_KEY_UIStatusBarStyle[sdk=iphoneos*]" = UIStatusBarStyleDefault;
				"INFOPLIST_KEY_UIStatusBarStyle[sdk=iphonesimulator*]" = UIStatusBarStyleDefault;
				INFOPLIST_KEY_UISupportedInterfaceOrientations_iPad = UIInterfaceOrientationPortrait;
				INFOPLIST_KEY_UISupportedInterfaceOrientations_iPhone = UIInterfaceOrientationPortrait;
				IPHONEOS_DEPLOYMENT_TARGET = 26.5;
				LD_RUNPATH_SEARCH_PATHS = "@executable_path/Frameworks";
				"LD_RUNPATH_SEARCH_PATHS[sdk=macosx*]" = "@executable_path/../Frameworks";
				MACOSX_DEPLOYMENT_TARGET = 27.0;
				MARKETING_VERSION = 1.0;
				PRODUCT_BUNDLE_IDENTIFIER = net.dmoncada.Snapper;
				PRODUCT_NAME = "$(TARGET_NAME)";
				REGISTER_APP_GROUPS = YES;
				STRING_CATALOG_GENERATE_SYMBOLS = YES;
				SUPPORTED_PLATFORMS = "iphoneos iphonesimulator";
				SUPPORTS_MACCATALYST = NO;
				SWIFT_APPROACHABLE_CONCURRENCY = YES;
				SWIFT_DEFAULT_ACTOR_ISOLATION = MainActor;
				SWIFT_EMIT_LOC_STRINGS = YES;
				SWIFT_UPCOMING_FEATURE_MEMBER_IMPORT_VISIBILITY = YES;
				SWIFT_VERSION = 6.0;
				TARGETED_DEVICE_FAMILY = 1;
			};
			name = Debug;
		};
		000000000000000112000000 /* Release configuration for PBXNativeTarget "Snapper" */ = {
			isa = XCBuildConfiguration;
			buildSettings = {
				ASSETCATALOG_COMPILER_APPICON_NAME = AppIcon;
				ASSETCATALOG_COMPILER_GLOBAL_ACCENT_COLOR_NAME = AccentColor;
				CODE_SIGN_ENTITLEMENTS = Snapper/Snapper.entitlements;
				CODE_SIGN_STYLE = Automatic;
				CURRENT_PROJECT_VERSION = 1;
				DEVELOPMENT_TEAM = E76XSQA67L;
				ENABLE_APP_SANDBOX = YES;
				ENABLE_PREVIEWS = YES;
				ENABLE_USER_SELECTED_FILES = readonly;
				GENERATE_INFOPLIST_FILE = NO;
				INFOPLIST_FILE = Snapper/Info.plist;
				INFOPLIST_KEY_CFBundleDisplayName = MusicSnap;
				INFOPLIST_KEY_LSApplicationCategoryType = "public.app-category.music";
				"INFOPLIST_KEY_UIApplicationSceneManifest_Generation[sdk=iphoneos*]" = YES;
				"INFOPLIST_KEY_UIApplicationSceneManifest_Generation[sdk=iphonesimulator*]" = YES;
				"INFOPLIST_KEY_UIApplicationSupportsIndirectInputEvents[sdk=iphoneos*]" = YES;
				"INFOPLIST_KEY_UIApplicationSupportsIndirectInputEvents[sdk=iphonesimulator*]" = YES;
				"INFOPLIST_KEY_UILaunchScreen_Generation[sdk=iphoneos*]" = YES;
				"INFOPLIST_KEY_UILaunchScreen_Generation[sdk=iphonesimulator*]" = YES;
				"INFOPLIST_KEY_UIStatusBarStyle[sdk=iphoneos*]" = UIStatusBarStyleDefault;
				"INFOPLIST_KEY_UIStatusBarStyle[sdk=iphonesimulator*]" = UIStatusBarStyleDefault;
				INFOPLIST_KEY_UISupportedInterfaceOrientations_iPad = UIInterfaceOrientationPortrait;
				INFOPLIST_KEY_UISupportedInterfaceOrientations_iPhone = UIInterfaceOrientationPortrait;
				IPHONEOS_DEPLOYMENT_TARGET = 26.5;
				LD_RUNPATH_SEARCH_PATHS = "@executable_path/Frameworks";
				"LD_RUNPATH_SEARCH_PATHS[sdk=macosx*]" = "@executable_path/../Frameworks";
				MACOSX_DEPLOYMENT_TARGET = 27.0;
				MARKETING_VERSION = 1.0;
				PRODUCT_BUNDLE_IDENTIFIER = net.dmoncada.Snapper;
				PRODUCT_NAME = "$(TARGET_NAME)";
				REGISTER_APP_GROUPS = YES;
				STRING_CATALOG_GENERATE_SYMBOLS = YES;
				SUPPORTED_PLATFORMS = "iphoneos iphonesimulator";
				SUPPORTS_MACCATALYST = NO;
				SWIFT_APPROACHABLE_CONCURRENCY = YES;
				SWIFT_DEFAULT_ACTOR_ISOLATION = MainActor;
				SWIFT_EMIT_LOC_STRINGS = YES;
				SWIFT_UPCOMING_FEATURE_MEMBER_IMPORT_VISIBILITY = YES;
				SWIFT_VERSION = 6.0;
				TARGETED_DEVICE_FAMILY = 1;
			};
			name = Release;
		};
		DC9912823071E25400DF8C76 /* Debug configuration for PBXNativeTarget "SnapperWidget" */ = {
			isa = XCBuildConfiguration;
			buildSettings = {
				ASSETCATALOG_COMPILER_GLOBAL_ACCENT_COLOR_NAME = AccentColor;
				ASSETCATALOG_COMPILER_WIDGET_BACKGROUND_COLOR_NAME = WidgetBackground;
				CODE_SIGN_ENTITLEMENTS = SnapperWidget/SnapperWidget.entitlements;
				CODE_SIGN_STYLE = Automatic;
				CURRENT_PROJECT_VERSION = 1;
				DEVELOPMENT_TEAM = E76XSQA67L;
				GENERATE_INFOPLIST_FILE = YES;
				INFOPLIST_FILE = SnapperWidget/Info.plist;
				INFOPLIST_KEY_CFBundleDisplayName = MusicSnapWidget;
				INFOPLIST_KEY_NSHumanReadableCopyright = "";
				IPHONEOS_DEPLOYMENT_TARGET = 26.5;
				LD_RUNPATH_SEARCH_PATHS = (
					"$(inherited)",
					"@executable_path/Frameworks",
					"@executable_path/../../Frameworks",
				);
				MARKETING_VERSION = 1.0;
				PRODUCT_BUNDLE_IDENTIFIER = net.dmoncada.Snapper.SnapperWidget;
				PRODUCT_NAME = "$(TARGET_NAME)";
				REGISTER_APP_GROUPS = YES;
				SDKROOT = iphoneos;
				SKIP_INSTALL = YES;
				STRING_CATALOG_GENERATE_SYMBOLS = YES;
				SUPPORTED_PLATFORMS = "iphoneos iphonesimulator";
				SUPPORTS_MACCATALYST = NO;
				SUPPORTS_MAC_DESIGNED_FOR_IPHONE_IPAD = NO;
				SUPPORTS_XR_DESIGNED_FOR_IPHONE_IPAD = NO;
				SWIFT_APPROACHABLE_CONCURRENCY = YES;
				SWIFT_EMIT_LOC_STRINGS = YES;
				SWIFT_UPCOMING_FEATURE_MEMBER_IMPORT_VISIBILITY = YES;
				SWIFT_VERSION = 5.0;
				TARGETED_DEVICE_FAMILY = 1;
			};
			name = Debug;
		};
		DC9912833071E25400DF8C76 /* Release configuration for PBXNativeTarget "SnapperWidget" */ = {
			isa = XCBuildConfiguration;
			buildSettings = {
				ASSETCATALOG_COMPILER_GLOBAL_ACCENT_COLOR_NAME = AccentColor;
				ASSETCATALOG_COMPILER_WIDGET_BACKGROUND_COLOR_NAME = WidgetBackground;
				CODE_SIGN_ENTITLEMENTS = SnapperWidget/SnapperWidget.entitlements;
				CODE_SIGN_STYLE = Automatic;
				CURRENT_PROJECT_VERSION = 1;
				DEVELOPMENT_TEAM = E76XSQA67L;
				GENERATE_INFOPLIST_FILE = YES;
				INFOPLIST_FILE = SnapperWidget/Info.plist;
				INFOPLIST_KEY_CFBundleDisplayName = MusicSnapWidget;
				INFOPLIST_KEY_NSHumanReadableCopyright = "";
				IPHONEOS_DEPLOYMENT_TARGET = 26.5;
				LD_RUNPATH_SEARCH_PATHS = (
					"$(inherited)",
					"@executable_path/Frameworks",
					"@executable_path/../../Frameworks",
				);
				MARKETING_VERSION = 1.0;
				PRODUCT_BUNDLE_IDENTIFIER = net.dmoncada.Snapper.SnapperWidget;
				PRODUCT_NAME = "$(TARGET_NAME)";
				REGISTER_APP_GROUPS = YES;
				SDKROOT = iphoneos;
				SKIP_INSTALL = YES;
				STRING_CATALOG_GENERATE_SYMBOLS = YES;
				SUPPORTED_PLATFORMS = "iphoneos iphonesimulator";
				SUPPORTS_MACCATALYST = NO;
				SUPPORTS_MAC_DESIGNED_FOR_IPHONE_IPAD = NO;
				SUPPORTS_XR_DESIGNED_FOR_IPHONE_IPAD = NO;
				SWIFT_APPROACHABLE_CONCURRENCY = YES;
				SWIFT_EMIT_LOC_STRINGS = YES;
				SWIFT_UPCOMING_FEATURE_MEMBER_IMPORT_VISIBILITY = YES;
				SWIFT_VERSION = 5.0;
				TARGETED_DEVICE_FAMILY = 1;
				VALIDATE_PRODUCT = YES;
			};
			name = Release;
		};
		DCD4E1FD3074CC7B0020A7D8 /* Debug configuration for PBXNativeTarget "SnapperTests" */ = {
			isa = XCBuildConfiguration;
			buildSettings = {
				BUNDLE_LOADER = "$(TEST_HOST)";
				CODE_SIGN_STYLE = Automatic;
				CURRENT_PROJECT_VERSION = 1;
				DEVELOPMENT_TEAM = E76XSQA67L;
				GENERATE_INFOPLIST_FILE = YES;
				IPHONEOS_DEPLOYMENT_TARGET = 26.5;
				MARKETING_VERSION = 1.0;
				PRODUCT_BUNDLE_IDENTIFIER = net.dmoncada.SnapperTests;
				PRODUCT_NAME = "$(TARGET_NAME)";
				SDKROOT = iphoneos;
				STRING_CATALOG_GENERATE_SYMBOLS = NO;
				SUPPORTED_PLATFORMS = "iphoneos iphonesimulator";
				SUPPORTS_MACCATALYST = NO;
				SUPPORTS_XR_DESIGNED_FOR_IPHONE_IPAD = NO;
				SWIFT_APPROACHABLE_CONCURRENCY = YES;
				SWIFT_EMIT_LOC_STRINGS = NO;
				SWIFT_UPCOMING_FEATURE_MEMBER_IMPORT_VISIBILITY = YES;
				SWIFT_VERSION = 5.0;
				TARGETED_DEVICE_FAMILY = 1;
				TEST_HOST = "$(BUILT_PRODUCTS_DIR)/Snapper.app/$(BUNDLE_EXECUTABLE_FOLDER_PATH)/Snapper";
			};
			name = Debug;
		};
		DCD4E1FE3074CC7B0020A7D8 /* Release configuration for PBXNativeTarget "SnapperTests" */ = {
			isa = XCBuildConfiguration;
			buildSettings = {
				BUNDLE_LOADER = "$(TEST_HOST)";
				CODE_SIGN_STYLE = Automatic;
				CURRENT_PROJECT_VERSION = 1;
				DEVELOPMENT_TEAM = E76XSQA67L;
				GENERATE_INFOPLIST_FILE = YES;
				IPHONEOS_DEPLOYMENT_TARGET = 26.5;
				MARKETING_VERSION = 1.0;
				PRODUCT_BUNDLE_IDENTIFIER = net.dmoncada.SnapperTests;
				PRODUCT_NAME = "$(TARGET_NAME)";
				SDKROOT = iphoneos;
				STRING_CATALOG_GENERATE_SYMBOLS = NO;
				SUPPORTED_PLATFORMS = "iphoneos iphonesimulator";
				SUPPORTS_MACCATALYST = NO;
				SUPPORTS_XR_DESIGNED_FOR_IPHONE_IPAD = NO;
				SWIFT_APPROACHABLE_CONCURRENCY = YES;
				SWIFT_EMIT_LOC_STRINGS = NO;
				SWIFT_UPCOMING_FEATURE_MEMBER_IMPORT_VISIBILITY = YES;
				SWIFT_VERSION = 5.0;
				TARGETED_DEVICE_FAMILY = 1;
				TEST_HOST = "$(BUILT_PRODUCTS_DIR)/Snapper.app/$(BUNDLE_EXECUTABLE_FOLDER_PATH)/Snapper";
				VALIDATE_PRODUCT = YES;
			};
			name = Release;
		};
		DCD4E20A3074CCB60020A7D8 /* Debug configuration for PBXNativeTarget "SnapperUITests" */ = {
			isa = XCBuildConfiguration;
			buildSettings = {
				CODE_SIGN_STYLE = Automatic;
				CURRENT_PROJECT_VERSION = 1;
				DEVELOPMENT_TEAM = E76XSQA67L;
				GENERATE_INFOPLIST_FILE = YES;
				IPHONEOS_DEPLOYMENT_TARGET = 26.5;
				MARKETING_VERSION = 1.0;
				PRODUCT_BUNDLE_IDENTIFIER = net.dmoncada.SnapperUITests;
				PRODUCT_NAME = "$(TARGET_NAME)";
				SDKROOT = iphoneos;
				STRING_CATALOG_GENERATE_SYMBOLS = NO;
				SUPPORTED_PLATFORMS = "iphoneos iphonesimulator";
				SUPPORTS_MACCATALYST = NO;
				SUPPORTS_XR_DESIGNED_FOR_IPHONE_IPAD = NO;
				SWIFT_APPROACHABLE_CONCURRENCY = YES;
				SWIFT_EMIT_LOC_STRINGS = NO;
				SWIFT_UPCOMING_FEATURE_MEMBER_IMPORT_VISIBILITY = YES;
				SWIFT_VERSION = 5.0;
				TARGETED_DEVICE_FAMILY = 1;
				TEST_TARGET_NAME = Snapper;
			};
			name = Debug;
		};
		DCD4E20B3074CCB60020A7D8 /* Release configuration for PBXNativeTarget "SnapperUITests" */ = {
			isa = XCBuildConfiguration;
			buildSettings = {
				CODE_SIGN_STYLE = Automatic;
				CURRENT_PROJECT_VERSION = 1;
				DEVELOPMENT_TEAM = E76XSQA67L;
				GENERATE_INFOPLIST_FILE = YES;
				IPHONEOS_DEPLOYMENT_TARGET = 26.5;
				MARKETING_VERSION = 1.0;
				PRODUCT_BUNDLE_IDENTIFIER = net.dmoncada.SnapperUITests;
				PRODUCT_NAME = "$(TARGET_NAME)";
				SDKROOT = iphoneos;
				STRING_CATALOG_GENERATE_SYMBOLS = NO;
				SUPPORTED_PLATFORMS = "iphoneos iphonesimulator";
				SUPPORTS_MACCATALYST = NO;
				SUPPORTS_XR_DESIGNED_FOR_IPHONE_IPAD = NO;
				SWIFT_APPROACHABLE_CONCURRENCY = YES;
				SWIFT_EMIT_LOC_STRINGS = NO;
				SWIFT_UPCOMING_FEATURE_MEMBER_IMPORT_VISIBILITY = YES;
				SWIFT_VERSION = 5.0;
				TARGETED_DEVICE_FAMILY = 1;
				TEST_TARGET_NAME = Snapper;
				VALIDATE_PRODUCT = YES;
			};
			name = Release;
		};
/* End XCBuildConfiguration section */

/* Begin XCConfigurationList section */
		000000000000000010000000 /* Build configuration list for PBXProject "Snapper" */ = {
			isa = XCConfigurationList;
			buildConfigurations = (
				000000000000000011000000 /* Debug configuration for PBXProject "Snapper" */,
				000000000000000012000000 /* Release configuration for PBXProject "Snapper" */,
			);
			defaultConfigurationName = Release;
		};
		000000000000000110000000 /* Build configuration list for PBXNativeTarget "Snapper" */ = {
			isa = XCConfigurationList;
			buildConfigurations = (
				000000000000000111000000 /* Debug configuration for PBXNativeTarget "Snapper" */,
				000000000000000112000000 /* Release configuration for PBXNativeTarget "Snapper" */,
			);
			defaultConfigurationName = Release;
		};
		DC9912813071E25400DF8C76 /* Build configuration list for PBXNativeTarget "SnapperWidget" */ = {
			isa = XCConfigurationList;
			buildConfigurations = (
				DC9912823071E25400DF8C76 /* Debug configuration for PBXNativeTarget "SnapperWidget" */,
				DC9912833071E25400DF8C76 /* Release configuration for PBXNativeTarget "SnapperWidget" */,
			);
			defaultConfigurationName = Release;
		};
		DCD4E1FC3074CC7B0020A7D8 /* Build configuration list for PBXNativeTarget "SnapperTests" */ = {
			isa = XCConfigurationList;
			buildConfigurations = (
				DCD4E1FD3074CC7B0020A7D8 /* Debug configuration for PBXNativeTarget "SnapperTests" */,
				DCD4E1FE3074CC7B0020A7D8 /* Release configuration for PBXNativeTarget "SnapperTests" */,
			);
			defaultConfigurationName = Release;
		};
		DCD4E2093074CCB60020A7D8 /* Build configuration list for PBXNativeTarget "SnapperUITests" */ = {
			isa = XCConfigurationList;
			buildConfigurations = (
				DCD4E20A3074CCB60020A7D8 /* Debug configuration for PBXNativeTarget "SnapperUITests" */,
				DCD4E20B3074CCB60020A7D8 /* Release configuration for PBXNativeTarget "SnapperUITests" */,
			);
			defaultConfigurationName = Release;
		};
/* End XCConfigurationList section */
	};
	rootObject = 000000000000000000000000 /* Project object */;
}
